// !$*UTF8*$!
{
	archiveVersion = 1;
	classes = {
	};
	objectVersion = 50;
	objects = {

/* Begin PBXBuildFile section */
		0E2556E421D098DB0081A2E4 /* dots-vertical.png in Resources */ = {isa = PBXBuildFile; fileRef = 0E2556E321D098DB0081A2E4 /* dots-vertical.png */; };
		0E2556E621D099DF0081A2E4 /* ic_search_48px.png in Resources */ = {isa = PBXBuildFile; fileRef = 0E2556E521D099DF0081A2E4 /* ic_search_48px.png */; };
		0E8A3D2921C8B62C00EA680D /* AppDelegate.swift in Sources */ = {isa = PBXBuildFile; fileRef = 0E8A3D2821C8B62C00EA680D /* AppDelegate.swift */; };
		0E8A3D2B21C8B62C00EA680D /* MultiLightViewController.swift in Sources */ = {isa = PBXBuildFile; fileRef = 0E8A3D2A21C8B62C00EA680D /* MultiLightViewController.swift */; };
		0E8A3D2E21C8B62C00EA680D /* Main.storyboard in Resources */ = {isa = PBXBuildFile; fileRef = 0E8A3D2C21C8B62C00EA680D /* Main.storyboard */; };
		0E8A3D3021C8B63C00EA680D /* Assets.xcassets in Resources */ = {isa = PBXBuildFile; fileRef = 0E8A3D2F21C8B63C00EA680D /* Assets.xcassets */; };
		0E8A3D3321C8B63C00EA680D /* LaunchScreen.storyboard in Resources */ = {isa = PBXBuildFile; fileRef = 0E8A3D3121C8B63C00EA680D /* LaunchScreen.storyboard */; };
		0E8A3D3B21CA3C3C00EA680D /* DevicesSearchViewController.swift in Sources */ = {isa = PBXBuildFile; fileRef = 0E8A3D3A21CA3C3C00EA680D /* DevicesSearchViewController.swift */; };
		0E8A3D3D21CA3F9000EA680D /* LightDeviceCollectionViewCell.swift in Sources */ = {isa = PBXBuildFile; fileRef = 0E8A3D3C21CA3F9000EA680D /* LightDeviceCollectionViewCell.swift */; };
		0E8A3D4521CA482A00EA680D /* check.png in Resources */ = {isa = PBXBuildFile; fileRef = 0E8A3D4021CA482900EA680D /* check.png */; };
		0E8A3D4721CA482A00EA680D /* plus.png in Resources */ = {isa = PBXBuildFile; fileRef = 0E8A3D4221CA482900EA680D /* plus.png */; };
		0EB363CF21CA5BCE00492C45 /* white35x35plus.png in Resources */ = {isa = PBXBuildFile; fileRef = 0ED1149821CA58C3007ABC8B /* white35x35plus.png */; };
		0EB363D721CB91CE00492C45 /* ic_cached_48px.png in Resources */ = {isa = PBXBuildFile; fileRef = 0EB363D621CB91CE00492C45 /* ic_cached_48px.png */; };
		0EB363D921CB9A1500492C45 /* ic_network_cell_48px.png in Resources */ = {isa = PBXBuildFile; fileRef = 0EB363D821CB9A1500492C45 /* ic_network_cell_48px.png */; };
		0EB363DB21CBAB8D00492C45 /* UserDevicesViewController.swift in Sources */ = {isa = PBXBuildFile; fileRef = 0EB363DA21CBAB8D00492C45 /* UserDevicesViewController.swift */; };
		0EB363DD21CBAF0100492C45 /* UserDeviceCollectionViewCell.swift in Sources */ = {isa = PBXBuildFile; fileRef = 0EB363DC21CBAF0100492C45 /* UserDeviceCollectionViewCell.swift */; };
		0EB363DF21CBB86C00492C45 /* Back Arrow White.png in Resources */ = {isa = PBXBuildFile; fileRef = 0EB363DE21CBB86C00492C45 /* Back Arrow White.png */; };
		0EB363E121CCBBC900492C45 /* ic_settings_remote_48px.png in Resources */ = {isa = PBXBuildFile; fileRef = 0EB363E021CCBBC700492C45 /* ic_settings_remote_48px.png */; };
		0EB363E321CCF0D000492C45 /* gray_ic_settings_remote_48px.png in Resources */ = {isa = PBXBuildFile; fileRef = 0EB363E221CCF0CF00492C45 /* gray_ic_settings_remote_48px.png */; };
		0EB363E521CCF8EC00492C45 /* CustomSwitch.swift in Sources */ = {isa = PBXBuildFile; fileRef = 0EB363E421CCF8EC00492C45 /* CustomSwitch.swift */; };
		0EB363E721CCF96700492C45 /* CustomThumbView.swift in Sources */ = {isa = PBXBuildFile; fileRef = 0EB363E621CCF96700492C45 /* CustomThumbView.swift */; };
		3032B76DE909F3B4CAAFDD34 /* Pods_Blueduino.framework in Frameworks */ = {isa = PBXBuildFile; fileRef = B96C2BE54C17475F9865D864 /* Pods_Blueduino.framework */; };
/* End PBXBuildFile section */

/* Begin PBXFileReference section */
		0E2556E321D098DB0081A2E4 /* dots-vertical.png */ = {isa = PBXFileReference; lastKnownFileType = image.png; path = "dots-vertical.png"; sourceTree = "<group>"; };
		0E2556E521D099DF0081A2E4 /* ic_search_48px.png */ = {isa = PBXFileReference; lastKnownFileType = image.png; path = ic_search_48px.png; sourceTree = "<group>"; };
		0E8A3D2521C8B62C00EA680D /* Blueduino.app */ = {isa = PBXFileReference; explicitFileType = wrapper.application; includeInIndex = 0; path = Blueduino.app; sourceTree = BUILT_PRODUCTS_DIR; };
		0E8A3D2821C8B62C00EA680D /* AppDelegate.swift */ = {isa = PBXFileReference; lastKnownFileType = sourcecode.swift; path = AppDelegate.swift; sourceTree = "<group>"; };
		0E8A3D2A21C8B62C00EA680D /* MultiLightViewController.swift */ = {isa = PBXFileReference; lastKnownFileType = sourcecode.swift; path = MultiLightViewController.swift; sourceTree = "<group>"; };
		0E8A3D2D21C8B62C00EA680D /* Base */ = {isa = PBXFileReference; lastKnownFileType = file.storyboard; name = Base; path = Base.lproj/Main.storyboard; sourceTree = "<group>"; };
		0E8A3D2F21C8B63C00EA680D /* Assets.xcassets */ = {isa = PBXFileReference; lastKnownFileType = folder.assetcatalog; path = Assets.xcassets; sourceTree = "<group>"; };
		0E8A3D3221C8B63C00EA680D /* Base */ = {isa = PBXFileReference; lastKnownFileType = file.storyboard; name = Base; path = Base.lproj/LaunchScreen.storyboard; sourceTree = "<group>"; };
		0E8A3D3421C8B63C00EA680D /* Info.plist */ = {isa = PBXFileReference; lastKnownFileType = text.plist.xml; path = Info.plist; sourceTree = "<group>"; };
		0E8A3D3A21CA3C3C00EA680D /* DevicesSearchViewController.swift */ = {isa = PBXFileReference; lastKnownFileType = sourcecode.swift; path = DevicesSearchViewController.swift; sourceTree = "<group>"; };
		0E8A3D3C21CA3F9000EA680D /* LightDeviceCollectionViewCell.swift */ = {isa = PBXFileReference; lastKnownFileType = sourcecode.swift; path = LightDeviceCollectionViewCell.swift; sourceTree = "<group>"; };
		0E8A3D4021CA482900EA680D /* check.png */ = {isa = PBXFileReference; lastKnownFileType = image.png; path = check.png; sourceTree = "<group>"; };
		0E8A3D4221CA482900EA680D /* plus.png */ = {isa = PBXFileReference; lastKnownFileType = image.png; path = plus.png; sourceTree = "<group>"; };
		0EB363D621CB91CE00492C45 /* ic_cached_48px.png */ = {isa = PBXFileReference; lastKnownFileType = image.png; name = ic_cached_48px.png; path = "../../../Downloads/Top Bars 2/ic_cached_48px.png"; sourceTree = "<group>"; };
		0EB363D821CB9A1500492C45 /* ic_network_cell_48px.png */ = {isa = PBXFileReference; lastKnownFileType = image.png; path = ic_network_cell_48px.png; sourceTree = "<group>"; };
		0EB363DA21CBAB8D00492C45 /* UserDevicesViewController.swift */ = {isa = PBXFileReference; lastKnownFileType = sourcecode.swift; path = UserDevicesViewController.swift; sourceTree = "<group>"; };
		0EB363DC21CBAF0100492C45 /* UserDeviceCollectionViewCell.swift */ = {isa = PBXFileReference; lastKnownFileType = sourcecode.swift; path = UserDeviceCollectionViewCell.swift; sourceTree = "<group>"; };
		0EB363DE21CBB86C00492C45 /* Back Arrow White.png */ = {isa = PBXFileReference; lastKnownFileType = image.png; path = "Back Arrow White.png"; sourceTree = "<group>"; };
		0EB363E021CCBBC700492C45 /* ic_settings_remote_48px.png */ = {isa = PBXFileReference; lastKnownFileType = image.png; path = ic_settings_remote_48px.png; sourceTree = "<group>"; };
		0EB363E221CCF0CF00492C45 /* gray_ic_settings_remote_48px.png */ = {isa = PBXFileReference; lastKnownFileType = image.png; path = gray_ic_settings_remote_48px.png; sourceTree = "<group>"; };
		0EB363E421CCF8EC00492C45 /* CustomSwitch.swift */ = {isa = PBXFileReference; lastKnownFileType = sourcecode.swift; path = CustomSwitch.swift; sourceTree = "<group>"; };
		0EB363E621CCF96700492C45 /* CustomThumbView.swift */ = {isa = PBXFileReference; lastKnownFileType = sourcecode.swift; path = CustomThumbView.swift; sourceTree = "<group>"; };
		0ED1149821CA58C3007ABC8B /* white35x35plus.png */ = {isa = PBXFileReference; lastKnownFileType = image.png; name = white35x35plus.png; path = /Users/KirillShteffen/Blueduino/Blueduino/icons/white35x35plus.png; sourceTree = "<absolute>"; };
		5A9C29AEE017841A53E96045 /* Pods-Blueduino.release.xcconfig */ = {isa = PBXFileReference; includeInIndex = 1; lastKnownFileType = text.xcconfig; name = "Pods-Blueduino.release.xcconfig"; path = "Pods/Target Support Files/Pods-Blueduino/Pods-Blueduino.release.xcconfig"; sourceTree = "<group>"; };
		79DC811E221771CB79C9D772 /* Pods-Blueduino.debug.xcconfig */ = {isa = PBXFileReference; includeInIndex = 1; lastKnownFileType = text.xcconfig; name = "Pods-Blueduino.debug.xcconfig"; path = "Pods/Target Support Files/Pods-Blueduino/Pods-Blueduino.debug.xcconfig"; sourceTree = "<group>"; };
		B96C2BE54C17475F9865D864 /* Pods_Blueduino.framework */ = {isa = PBXFileReference; explicitFileType = wrapper.framework; includeInIndex = 0; path = Pods_Blueduino.framework; sourceTree = BUILT_PRODUCTS_DIR; };
/* End PBXFileReference section */

/* Begin PBXFrameworksBuildPhase section */
		0E8A3D2221C8B62C00EA680D /* Frameworks */ = {
			isa = PBXFrameworksBuildPhase;
			buildActionMask = 2147483647;
			files = (
				3032B76DE909F3B4CAAFDD34 /* Pods_Blueduino.framework in Frameworks */,
			);
			runOnlyForDeploymentPostprocessing = 0;
		};
/* End PBXFrameworksBuildPhase section */

/* Begin PBXGroup section */
		0E8A3D1C21C8B62C00EA680D = {
			isa = PBXGroup;
			children = (
				0E8A3D2721C8B62C00EA680D /* Blueduino */,
				0E8A3D2621C8B62C00EA680D /* Products */,
				CD9476D792B001DEF0DC1502 /* Pods */,
				A5FE70DEB2BC39B036A903C6 /* Frameworks */,
			);
			sourceTree = "<group>";
		};
		0E8A3D2621C8B62C00EA680D /* Products */ = {
			isa = PBXGroup;
			children = (
				0E8A3D2521C8B62C00EA680D /* Blueduino.app */,
			);
			name = Products;
			sourceTree = "<group>";
		};
		0E8A3D2721C8B62C00EA680D /* Blueduino */ = {
			isa = PBXGroup;
			children = (
				0EB363DA21CBAB8D00492C45 /* UserDevicesViewController.swift */,
				0E8A3D3A21CA3C3C00EA680D /* DevicesSearchViewController.swift */,
				0EB363DC21CBAF0100492C45 /* UserDeviceCollectionViewCell.swift */,
				0E8A3D3C21CA3F9000EA680D /* LightDeviceCollectionViewCell.swift */,
				0E8A3D2A21C8B62C00EA680D /* MultiLightViewController.swift */,
				0EB363E421CCF8EC00492C45 /* CustomSwitch.swift */,
				0EB363E621CCF96700492C45 /* CustomThumbView.swift */,
				0E8A3D2C21C8B62C00EA680D /* Main.storyboard */,
				0E8A3D3E21CA47FD00EA680D /* icons */,
				0E8A3D2F21C8B63C00EA680D /* Assets.xcassets */,
				0E8A3D2821C8B62C00EA680D /* AppDelegate.swift */,
				0E8A3D3121C8B63C00EA680D /* LaunchScreen.storyboard */,
				0E8A3D3421C8B63C00EA680D /* Info.plist */,
			);
			path = Blueduino;
			sourceTree = "<group>";
		};
		0E8A3D3E21CA47FD00EA680D /* icons */ = {
			isa = PBXGroup;
			children = (
				0E2556E521D099DF0081A2E4 /* ic_search_48px.png */,
				0E2556E321D098DB0081A2E4 /* dots-vertical.png */,
				0EB363E221CCF0CF00492C45 /* gray_ic_settings_remote_48px.png */,
				0EB363E021CCBBC700492C45 /* ic_settings_remote_48px.png */,
				0EB363DE21CBB86C00492C45 /* Back Arrow White.png */,
				0EB363D821CB9A1500492C45 /* ic_network_cell_48px.png */,
				0EB363D621CB91CE00492C45 /* ic_cached_48px.png */,
				0ED1149821CA58C3007ABC8B /* white35x35plus.png */,
				0E8A3D4021CA482900EA680D /* check.png */,
				0E8A3D4221CA482900EA680D /* plus.png */,
			);
			path = icons;
			sourceTree = "<group>";
		};
		A5FE70DEB2BC39B036A903C6 /* Frameworks */ = {
			isa = PBXGroup;
			children = (
				B96C2BE54C17475F9865D864 /* Pods_Blueduino.framework */,
			);
			name = Frameworks;
			sourceTree = "<group>";
		};
		CD9476D792B001DEF0DC1502 /* Pods */ = {
			isa = PBXGroup;
			children = (
				79DC811E221771CB79C9D772 /* Pods-Blueduino.debug.xcconfig */,
				5A9C29AEE017841A53E96045 /* Pods-Blueduino.release.xcconfig */,
			);
			name = Pods;
			sourceTree = "<group>";
		};
/* End PBXGroup section */

/* Begin PBXNativeTarget section */
		0E8A3D2421C8B62C00EA680D /* Blueduino */ = {
			isa = PBXNativeTarget;
			buildConfigurationList = 0E8A3D3721C8B63C00EA680D /* Build configuration list for PBXNativeTarget "Blueduino" */;
			buildPhases = (
				8D950D5FDA00846692C60EBB /* [CP] Check Pods Manifest.lock */,
				0E8A3D2121C8B62C00EA680D /* Sources */,
				0E8A3D2221C8B62C00EA680D /* Frameworks */,
				0E8A3D2321C8B62C00EA680D /* Resources */,
				603A695FFB85B170CA63042A /* [CP] Embed Pods Frameworks */,
			);
			buildRules = (
			);
			dependencies = (
			);
			name = Blueduino;
			productName = Blueduino;
			productReference = 0E8A3D2521C8B62C00EA680D /* Blueduino.app */;
			productType = "com.apple.product-type.application";
		};
/* End PBXNativeTarget section */

/* Begin PBXProject section */
		0E8A3D1D21C8B62C00EA680D /* Project object */ = {
			isa = PBXProject;
			attributes = {
				LastSwiftUpdateCheck = 1000;
				LastUpgradeCheck = 1000;
				ORGANIZATIONNAME = BlackBricks;
				TargetAttributes = {
					0E8A3D2421C8B62C00EA680D = {
						CreatedOnToolsVersion = 10.0;
					};
				};
			};
			buildConfigurationList = 0E8A3D2021C8B62C00EA680D /* Build configuration list for PBXProject "Blueduino" */;
			compatibilityVersion = "Xcode 9.3";
			developmentRegion = en;
			hasScannedForEncodings = 0;
			knownRegions = (
				en,
				Base,
			);
			mainGroup = 0E8A3D1C21C8B62C00EA680D;
			productRefGroup = 0E8A3D2621C8B62C00EA680D /* Products */;
			projectDirPath = "";
			projectRoot = "";
			targets = (
				0E8A3D2421C8B62C00EA680D /* Blueduino */,
			);
		};
/* End PBXProject section */

/* Begin PBXResourcesBuildPhase section */
		0E8A3D2321C8B62C00EA680D /* Resources */ = {
			isa = PBXResourcesBuildPhase;
			buildActionMask = 2147483647;
			files = (
				0E8A3D4521CA482A00EA680D /* check.png in Resources */,
				0EB363CF21CA5BCE00492C45 /* white35x35plus.png in Resources */,
				0E8A3D3321C8B63C00EA680D /* LaunchScreen.storyboard in Resources */,
				0E8A3D3021C8B63C00EA680D /* Assets.xcassets in Resources */,
				0EB363E321CCF0D000492C45 /* gray_ic_settings_remote_48px.png in Resources */,
				0E8A3D4721CA482A00EA680D /* plus.png in Resources */,
				0EB363DF21CBB86C00492C45 /* Back Arrow White.png in Resources */,
				0E2556E621D099DF0081A2E4 /* ic_search_48px.png in Resources */,
				0EB363D721CB91CE00492C45 /* ic_cached_48px.png in Resources */,
				0E2556E421D098DB0081A2E4 /* dots-vertical.png in Resources */,
				0E8A3D2E21C8B62C00EA680D /* Main.storyboard in Resources */,
				0EB363D921CB9A1500492C45 /* ic_network_cell_48px.png in Resources */,
				0EB363E121CCBBC900492C45 /* ic_settings_remote_48px.png in Resources */,
			);
			runOnlyForDeploymentPostprocessing = 0;
		};
/* End PBXResourcesBuildPhase section */

/* Begin PBXShellScriptBuildPhase section */
		603A695FFB85B170CA63042A /* [CP] Embed Pods Frameworks */ = {
			isa = PBXShellScriptBuildPhase;
			buildActionMask = 2147483647;
			files = (
			);
			inputFileListPaths = (
			);
			inputPaths = (
				"${SRCROOT}/Pods/Target Support Files/Pods-Blueduino/Pods-Blueduino-frameworks.sh",
				"${BUILT_PRODUCTS_DIR}/HGCircularSlider/HGCircularSlider.framework",
				"${BUILT_PRODUCTS_DIR}/MTCircularSlider/MTCircularSlider.framework",
				"${BUILT_PRODUCTS_DIR}/SwiftHSVColorPicker/SwiftHSVColorPicker.framework",
			);
			name = "[CP] Embed Pods Frameworks";
			outputFileListPaths = (
			);
			outputPaths = (
				"${TARGET_BUILD_DIR}/${FRAMEWORKS_FOLDER_PATH}/HGCircularSlider.framework",
				"${TARGET_BUILD_DIR}/${FRAMEWORKS_FOLDER_PATH}/MTCircularSlider.framework",
				"${TARGET_BUILD_DIR}/${FRAMEWORKS_FOLDER_PATH}/SwiftHSVColorPicker.framework",
			);
			runOnlyForDeploymentPostprocessing = 0;
			shellPath = /bin/sh;
			shellScript = "\"${SRCROOT}/Pods/Target Support Files/Pods-Blueduino/Pods-Blueduino-frameworks.sh\"\n";
			showEnvVarsInLog = 0;
		};
		8D950D5FDA00846692C60EBB /* [CP] Check Pods Manifest.lock */ = {
			isa = PBXShellScriptBuildPhase;
			buildActionMask = 2147483647;
			files = (
			);
			inputFileListPaths = (
			);
			inputPaths = (
				"${PODS_PODFILE_DIR_PATH}/Podfile.lock",
				"${PODS_ROOT}/Manifest.lock",
			);
			name = "[CP] Check Pods Manifest.lock";
			outputFileListPaths = (
			);
			outputPaths = (
				"$(DERIVED_FILE_DIR)/Pods-Blueduino-checkManifestLockResult.txt",
			);
			runOnlyForDeploymentPostprocessing = 0;
			shellPath = /bin/sh;
			shellScript = "diff \"${PODS_PODFILE_DIR_PATH}/Podfile.lock\" \"${PODS_ROOT}/Manifest.lock\" > /dev/null\nif [ $? != 0 ] ; then\n    # print error to STDERR\n    echo \"error: The sandbox is not in sync with the Podfile.lock. Run 'pod install' or update your CocoaPods installation.\" >&2\n    exit 1\nfi\n# This output is used by Xcode 'outputs' to avoid re-running this script phase.\necho \"SUCCESS\" > \"${SCRIPT_OUTPUT_FILE_0}\"\n";
			showEnvVarsInLog = 0;
		};
/* End PBXShellScriptBuildPhase section */

/* Begin PBXSourcesBuildPhase section */
		0E8A3D2121C8B62C00EA680D /* Sources */ = {
			isa = PBXSourcesBuildPhase;
			buildActionMask = 2147483647;
			files = (
				0EB363DB21CBAB8D00492C45 /* UserDevicesViewController.swift in Sources */,
				0E8A3D2B21C8B62C00EA680D /* MultiLightViewController.swift in Sources */,
				0E8A3D3D21CA3F9000EA680D /* LightDeviceCollectionViewCell.swift in Sources */,
				0EB363DD21CBAF0100492C45 /* UserDeviceCollectionViewCell.swift in Sources */,
				0EB363E521CCF8EC00492C45 /* CustomSwitch.swift in Sources */,
				0E8A3D3B21CA3C3C00EA680D /* DevicesSearchViewController.swift in Sources */,
				0EB363E721CCF96700492C45 /* CustomThumbView.swift in Sources */,
				0E8A3D2921C8B62C00EA680D /* AppDelegate.swift in Sources */,
			);
			runOnlyForDeploymentPostprocessing = 0;
		};
/* End PBXSourcesBuildPhase section */

/* Begin PBXVariantGroup section */
		0E8A3D2C21C8B62C00EA680D /* Main.storyboard */ = {
			isa = PBXVariantGroup;
			children = (
				0E8A3D2D21C8B62C00EA680D /* Base */,
			);
			name = Main.storyboard;
			sourceTree = "<group>";
		};
		0E8A3D3121C8B63C00EA680D /* LaunchScreen.storyboard */ = {
			isa = PBXVariantGroup;
			children = (
				0E8A3D3221C8B63C00EA680D /* Base */,
			);
			name = LaunchScreen.storyboard;
			sourceTree = "<group>";
		};
/* End PBXVariantGroup section */

/* Begin XCBuildConfiguration section */
		0E8A3D3521C8B63C00EA680D /* Debug */ = {
			isa = XCBuildConfiguration;
			buildSettings = {
				ALWAYS_SEARCH_USER_PATHS = NO;
				CLANG_ANALYZER_NONNULL = YES;
				CLANG_ANALYZER_NUMBER_OBJECT_CONVERSION = YES_AGGRESSIVE;
				CLANG_CXX_LANGUAGE_STANDARD = "gnu++14";
				CLANG_CXX_LIBRARY = "libc++";
				CLANG_ENABLE_MODULES = YES;
				CLANG_ENABLE_OBJC_ARC = YES;
				CLANG_ENABLE_OBJC_WEAK = YES;
				CLANG_WARN_BLOCK_CAPTURE_AUTORELEASING = YES;
				CLANG_WARN_BOOL_CONVERSION = YES;
				CLANG_WARN_COMMA = YES;
				CLANG_WARN_CONSTANT_CONVERSION = YES;
				CLANG_WARN_DEPRECATED_OBJC_IMPLEMENTATIONS = YES;
				CLANG_WARN_DIRECT_OBJC_ISA_USAGE = YES_ERROR;
				CLANG_WARN_DOCUMENTATION_COMMENTS = YES;
				CLANG_WARN_EMPTY_BODY = YES;
				CLANG_WARN_ENUM_CONVERSION = YES;
				CLANG_WARN_INFINITE_RECURSION = YES;
				CLANG_WARN_INT_CONVERSION = YES;
				CLANG_WARN_NON_LITERAL_NULL_CONVERSION = YES;
				CLANG_WARN_OBJC_IMPLICIT_RETAIN_SELF = YES;
				CLANG_WARN_OBJC_LITERAL_CONVERSION = YES;
				CLANG_WARN_OBJC_ROOT_CLASS = YES_ERROR;
				CLANG_WARN_RANGE_LOOP_ANALYSIS = YES;
				CLANG_WARN_STRICT_PROTOTYPES = YES;
				CLANG_WARN_SUSPICIOUS_MOVE = YES;
				CLANG_WARN_UNGUARDED_AVAILABILITY = YES_AGGRESSIVE;
				CLANG_WARN_UNREACHABLE_CODE = YES;
				CLANG_WARN__DUPLICATE_METHOD_MATCH = YES;
				CODE_SIGN_IDENTITY = "iPhone Developer";
				COPY_PHASE_STRIP = NO;
				DEBUG_INFORMATION_FORMAT = dwarf;
				ENABLE_STRICT_OBJC_MSGSEND = YES;
				ENABLE_TESTABILITY = YES;
				GCC_C_LANGUAGE_STANDARD = gnu11;
				GCC_DYNAMIC_NO_PIC = NO;
				GCC_NO_COMMON_BLOCKS = YES;
				GCC_OPTIMIZATION_LEVEL = 0;
				GCC_PREPROCESSOR_DEFINITIONS = (
					"DEBUG=1",
					"$(inherited)",
				);
				GCC_WARN_64_TO_32_BIT_CONVERSION = YES;
				GCC_WARN_ABOUT_RETURN_TYPE = YES_ERROR;
				GCC_WARN_UNDECLARED_SELECTOR = YES;
				GCC_WARN_UNINITIALIZED_AUTOS = YES_AGGRESSIVE;
				GCC_WARN_UNUSED_FUNCTION = YES;
				GCC_WARN_UNUSED_VARIABLE = YES;
				IPHONEOS_DEPLOYMENT_TARGET = 12.0;
				MTL_ENABLE_DEBUG_INFO = INCLUDE_SOURCE;
				MTL_FAST_MATH = YES;
				ONLY_ACTIVE_ARCH = YES;
				SDKROOT = iphoneos;
				SWIFT_ACTIVE_COMPILATION_CONDITIONS = DEBUG;
				SWIFT_OPTIMIZATION_LEVEL = "-Onone";
			};
			name = Debug;
		};
		0E8A3D3621C8B63C00EA680D /* Release */ = {
			isa = XCBuildConfiguration;
			buildSettings = {
				ALWAYS_SEARCH_USER_PATHS = NO;
				CLANG_ANALYZER_NONNULL = YES;
				CLANG_ANALYZER_NUMBER_OBJECT_CONVERSION = YES_AGGRESSIVE;
				CLANG_CXX_LANGUAGE_STANDARD = "gnu++14";
				CLANG_CXX_LIBRARY = "libc++";
				CLANG_ENABLE_MODULES = YES;
				CLANG_ENABLE_OBJC_ARC = YES;
				CLANG_ENABLE_OBJC_WEAK = YES;
				CLANG_WARN_BLOCK_CAPTURE_AUTORELEASING = YES;
				CLANG_WARN_BOOL_CONVERSION = YES;
				CLANG_WARN_COMMA = YES;
				CLANG_WARN_CONSTANT_CONVERSION = YES;
				CLANG_WARN_DEPRECATED_OBJC_IMPLEMENTATIONS = YES;
				CLANG_WARN_DIRECT_OBJC_ISA_USAGE = YES_ERROR;
				CLANG_WARN_DOCUMENTATION_COMMENTS = YES;
				CLANG_WARN_EMPTY_BODY = YES;
				CLANG_WARN_ENUM_CONVERSION = YES;
				CLANG_WARN_INFINITE_RECURSION = YES;
				CLANG_WARN_INT_CONVERSION = YES;
				CLANG_WARN_NON_LITERAL_NULL_CONVERSION = YES;
				CLANG_WARN_OBJC_IMPLICIT_RETAIN_SELF = YES;
				CLANG_WARN_OBJC_LITERAL_CONVERSION = YES;
				CLANG_WARN_OBJC_ROOT_CLASS = YES_ERROR;
				CLANG_WARN_RANGE_LOOP_ANALYSIS = YES;
				CLANG_WARN_STRICT_PROTOTYPES = YES;
				CLANG_WARN_SUSPICIOUS_MOVE = YES;
				CLANG_WARN_UNGUARDED_AVAILABILITY = YES_AGGRESSIVE;
				CLANG_WARN_UNREACHABLE_CODE = YES;
				CLANG_WARN__DUPLICATE_METHOD_MATCH = YES;
				CODE_SIGN_IDENTITY = "iPhone Developer";
				COPY_PHASE_STRIP = NO;
				DEBUG_INFORMATION_FORMAT = "dwarf-with-dsym";
				ENABLE_NS_ASSERTIONS = NO;
				ENABLE_STRICT_OBJC_MSGSEND = YES;
				GCC_C_LANGUAGE_STANDARD = gnu11;
				GCC_NO_COMMON_BLOCKS = YES;
				GCC_WARN_64_TO_32_BIT_CONVERSION = YES;
				GCC_WARN_ABOUT_RETURN_TYPE = YES_ERROR;
				GCC_WARN_UNDECLARED_SELECTOR = YES;
				GCC_WARN_UNINITIALIZED_AUTOS = YES_AGGRESSIVE;
				GCC_WARN_UNUSED_FUNCTION = YES;
				GCC_WARN_UNUSED_VARIABLE = YES;
				IPHONEOS_DEPLOYMENT_TARGET = 12.0;
				MTL_ENABLE_DEBUG_INFO = NO;
				MTL_FAST_MATH = YES;
				SDKROOT = iphoneos;
				SWIFT_COMPILATION_MODE = wholemodule;
				SWIFT_OPTIMIZATION_LEVEL = "-O";
				VALIDATE_PRODUCT = YES;
			};
			name = Release;
		};
		0E8A3D3821C8B63C00EA680D /* Debug */ = {
			isa = XCBuildConfiguration;
			baseConfigurationReference = 79DC811E221771CB79C9D772 /* Pods-Blueduino.debug.xcconfig */;
			buildSettings = {
				ASSETCATALOG_COMPILER_APPICON_NAME = AppIcon;
				CODE_SIGN_STYLE = Automatic;
				DEVELOPMENT_TEAM = L59JFSX5QN;
				INFOPLIST_FILE = Blueduino/Info.plist;
				IPHONEOS_DEPLOYMENT_TARGET = 10.0;
				LD_RUNPATH_SEARCH_PATHS = (
					"$(inherited)",
					"@executable_path/Frameworks",
				);
				PRODUCT_BUNDLE_IDENTIFIER = BlackBricks.Blueduino;
				PRODUCT_NAME = "$(TARGET_NAME)";
				SWIFT_VERSION = 4.2;
				TARGETED_DEVICE_FAMILY = "1,2";
			};
			name = Debug;
		};
		0E8A3D3921C8B63C00EA680D /* Release */ = {
			isa = XCBuildConfiguration;
			baseConfigurationReference = 5A9C29AEE017841A53E96045 /* Pods-Blueduino.release.xcconfig */;
			buildSettings = {
				ASSETCATALOG_COMPILER_APPICON_NAME = AppIcon;
				CODE_SIGN_STYLE = Automatic;
				DEVELOPMENT_TEAM = L59JFSX5QN;
				INFOPLIST_FILE = Blueduino/Info.plist;
				IPHONEOS_DEPLOYMENT_TARGET = 10.0;
				LD_RUNPATH_SEARCH_PATHS = (
					"$(inherited)",
					"@executable_path/Frameworks",
				);
				PRODUCT_BUNDLE_IDENTIFIER = BlackBricks.Blueduino;
				PRODUCT_NAME = "$(TARGET_NAME)";
				SWIFT_VERSION = 4.2;
				TARGETED_DEVICE_FAMILY = "1,2";
			};
			name = Release;
		};
/* End XCBuildConfiguration section */

/* Begin XCConfigurationList section */
		0E8A3D2021C8B62C00EA680D /* Build configuration list for PBXProject "Blueduino" */ = {
			isa = XCConfigurationList;
			buildConfigurations = (
				0E8A3D3521C8B63C00EA680D /* Debug */,
				0E8A3D3621C8B63C00EA680D /* Release */,
			);
			defaultConfigurationIsVisible = 0;
			defaultConfigurationName = Release;
		};
		0E8A3D3721C8B63C00EA680D /* Build configuration list for PBXNativeTarget "Blueduino" */ = {
			isa = XCConfigurationList;
			buildConfigurations = (
				0E8A3D3821C8B63C00EA680D /* Debug */,
				0E8A3D3921C8B63C00EA680D /* Release */,
			);
			defaultConfigurationIsVisible = 0;
			defaultConfigurationName = Release;
		};
/* End XCConfigurationList section */
	};
	rootObject = 0E8A3D1D21C8B62C00EA680D /* Project object */;
}
